
Microsoft Visual Studio Solution File, Format Version 12.00
# Visual Studio Version 17
VisualStudioVersion = 17.9.34728.123
MinimumVisualStudioVersion = 10.0.40219.1
Project("{FAE04EC0-301F-11D3-BF4B-00C04F79EFBC}") = "Teknik-Servis", "Teknik-Servis\Teknik-Servis.csproj", "{A54B4D74-F6D9-4BA3-80AE-2FBFE64286DD}"
EndProject
Global
	GlobalSection(SolutionConfigurationPlatforms) = preSolution
		Debug|Any CPU = Debug|Any CPU
		Release|Any CPU = Release|Any CPU
	EndGlobalSection
	GlobalSection(ProjectConfigurationPlatforms) = postSolution
		{A54B4D74-F6D9-4BA3-80AE-2FBFE64286DD}.Debug|Any CPU.ActiveCfg = Debug|Any CPU
		{A54B4D74-F6D9-4BA3-80AE-2FBFE64286DD}.Debug|Any CPU.Build.0 = Debug|Any CPU
		{A54B4D74-F6D9-4BA3-80AE-2FBFE64286DD}.Release|Any CPU.ActiveCfg = Release|Any CPU
		{A54B4D74-F6D9-4BA3-80AE-2FBFE64286DD}.Release|Any CPU.Build.0 = Release|Any CPU
	EndGlobalSection
	GlobalSection(SolutionProperties) = preSolution
		HideSolutionNode = FALSE
	EndGlobalSection
	GlobalSection(ExtensibilityGlobals) = postSolution
		SolutionGuid = {7A03D956-0973-49FB-B2A4-7380C83E4726}
	EndGlobalSection
EndGlobal
